
Microsoft Visual Studio Solution File, Format Version 12.00
# Visual Studio Version 17
VisualStudioVersion = 17.14.36221.1 d17.14
MinimumVisualStudioVersion = 10.0.40219.1
Project("{FAE04EC0-301F-11D3-BF4B-00C04F79EFBC}") = "WindowsFormsApp1", "WindowsFormsApp1.csproj", "{DED4FFDE-7F55-4917-B64C-FB8DEE695AEF}"
EndProject
Global
	GlobalSection(SolutionConfigurationPlatforms) = preSolution
		Debug|Any CPU = Debug|Any CPU
		Release|Any CPU = Release|Any CPU
	EndGlobalSection
	GlobalSection(ProjectConfigurationPlatforms) = postSolution
		{DED4FFDE-7F55-4917-B64C-FB8DEE695AEF}.Debug|Any CPU.ActiveCfg = Debug|Any CPU
		{DED4FFDE-7F55-4917-B64C-FB8DEE695AEF}.Debug|Any CPU.Build.0 = Debug|Any CPU
		{DED4FFDE-7F55-4917-B64C-FB8DEE695AEF}.Release|Any CPU.ActiveCfg = Release|Any CPU
		{DED4FFDE-7F55-4917-B64C-FB8DEE695AEF}.Release|Any CPU.Build.0 = Release|Any CPU
	EndGlobalSection
	GlobalSection(SolutionProperties) = preSolution
		HideSolutionNode = FALSE
	EndGlobalSection
	GlobalSection(ExtensibilityGlobals) = postSolution
		SolutionGuid = {08046312-C854-47E5-8F12-872B158C34AC}
	EndGlobalSection
EndGlobal
